// !$*UTF8*$!
{
	archiveVersion = 1;
	classes = {
	};
	objectVersion = 46;
	objects = {

/* Begin PBXBuildFile section */
		22230A6F149A31E000AEF013 /* PhonoXMPP.h in Headers */ = {isa = PBXBuildFile; fileRef = 22230A6D149A31E000AEF013 /* PhonoXMPP.h */; };
		22230A70149A31E000AEF013 /* PhonoXMPP.m in Sources */ = {isa = PBXBuildFile; fileRef = 22230A6E149A31E000AEF013 /* PhonoXMPP.m */; };
		22230B34149A337100AEF013 /* DDList.h in Headers */ = {isa = PBXBuildFile; fileRef = 22230A77149A337100AEF013 /* DDList.h */; };
		22230B35149A337100AEF013 /* DDList.m in Sources */ = {isa = PBXBuildFile; fileRef = 22230A78149A337100AEF013 /* DDList.m */; };
		22230B36149A337100AEF013 /* GCDMulticastDelegate.h in Headers */ = {isa = PBXBuildFile; fileRef = 22230A79149A337100AEF013 /* GCDMulticastDelegate.h */; };
		22230B37149A337100AEF013 /* GCDMulticastDelegate.m in Sources */ = {isa = PBXBuildFile; fileRef = 22230A7A149A337100AEF013 /* GCDMulticastDelegate.m */; };
		22230B38149A337100AEF013 /* LibIDN.h in Headers */ = {isa = PBXBuildFile; fileRef = 22230A7B149A337100AEF013 /* LibIDN.h */; };
		22230B39149A337100AEF013 /* LibIDN.m in Sources */ = {isa = PBXBuildFile; fileRef = 22230A7C149A337100AEF013 /* LibIDN.m */; };
		22230B3A149A337100AEF013 /* RFImageToDataTransformer.h in Headers */ = {isa = PBXBuildFile; fileRef = 22230A7D149A337100AEF013 /* RFImageToDataTransformer.h */; };
		22230B3B149A337100AEF013 /* RFImageToDataTransformer.m in Sources */ = {isa = PBXBuildFile; fileRef = 22230A7E149A337100AEF013 /* RFImageToDataTransformer.m */; };
		22230B3C149A337100AEF013 /* XMPPDigestAuthentication.h in Headers */ = {isa = PBXBuildFile; fileRef = 22230A7F149A337100AEF013 /* XMPPDigestAuthentication.h */; };
		22230B3D149A337100AEF013 /* XMPPDigestAuthentication.m in Sources */ = {isa = PBXBuildFile; fileRef = 22230A80149A337100AEF013 /* XMPPDigestAuthentication.m */; };
		22230B3E149A337100AEF013 /* XMPPIDTracker.h in Headers */ = {isa = PBXBuildFile; fileRef = 22230A81149A337100AEF013 /* XMPPIDTracker.h */; };
		22230B3F149A337100AEF013 /* XMPPIDTracker.m in Sources */ = {isa = PBXBuildFile; fileRef = 22230A82149A337100AEF013 /* XMPPIDTracker.m */; };
		22230B40149A337100AEF013 /* XMPPSASLAuthentication.h in Headers */ = {isa = PBXBuildFile; fileRef = 22230A83149A337100AEF013 /* XMPPSASLAuthentication.h */; };
		22230B41149A337100AEF013 /* XMPPSRVResolver.h in Headers */ = {isa = PBXBuildFile; fileRef = 22230A84149A337100AEF013 /* XMPPSRVResolver.h */; };
		22230B42149A337100AEF013 /* XMPPSRVResolver.m in Sources */ = {isa = PBXBuildFile; fileRef = 22230A85149A337100AEF013 /* XMPPSRVResolver.m */; };
		22230B43149A337100AEF013 /* XMPPXFacebookPlatformAuthentication.h in Headers */ = {isa = PBXBuildFile; fileRef = 22230A86149A337100AEF013 /* XMPPXFacebookPlatformAuthentication.h */; };
		22230B44149A337100AEF013 /* XMPPXFacebookPlatformAuthentication.m in Sources */ = {isa = PBXBuildFile; fileRef = 22230A87149A337100AEF013 /* XMPPXFacebookPlatformAuthentication.m */; };
		22230B48149A337100AEF013 /* XMPPReconnect.h in Headers */ = {isa = PBXBuildFile; fileRef = 22230A9A149A337100AEF013 /* XMPPReconnect.h */; };
		22230B49149A337100AEF013 /* XMPPReconnect.m in Sources */ = {isa = PBXBuildFile; fileRef = 22230A9B149A337100AEF013 /* XMPPReconnect.m */; };
		22230B65149A337100AEF013 /* XMPPMessage+XEP0045.h in Headers */ = {isa = PBXBuildFile; fileRef = 22230AB9149A337100AEF013 /* XMPPMessage+XEP0045.h */; };
		22230B66149A337100AEF013 /* XMPPMessage+XEP0045.m in Sources */ = {isa = PBXBuildFile; fileRef = 22230ABA149A337100AEF013 /* XMPPMessage+XEP0045.m */; };
		22230B67149A337100AEF013 /* XMPPRoom.h in Headers */ = {isa = PBXBuildFile; fileRef = 22230ABB149A337100AEF013 /* XMPPRoom.h */; };
		22230B68149A337100AEF013 /* XMPPRoom.m in Sources */ = {isa = PBXBuildFile; fileRef = 22230ABC149A337100AEF013 /* XMPPRoom.m */; };
		22230B69149A337100AEF013 /* XMPPRoomOccupant.h in Headers */ = {isa = PBXBuildFile; fileRef = 22230ABD149A337100AEF013 /* XMPPRoomOccupant.h */; };
		22230B6A149A337100AEF013 /* XMPPRoomOccupant.m in Sources */ = {isa = PBXBuildFile; fileRef = 22230ABE149A337100AEF013 /* XMPPRoomOccupant.m */; };
		22230B86149A337100AEF013 /* TURNSocket.h in Headers */ = {isa = PBXBuildFile; fileRef = 22230ADC149A337100AEF013 /* TURNSocket.h */; };
		22230B87149A337100AEF013 /* TURNSocket.m in Sources */ = {isa = PBXBuildFile; fileRef = 22230ADD149A337100AEF013 /* TURNSocket.m */; };
		22230B88149A337100AEF013 /* NSDate+XMPPDateTimeProfiles.h in Headers */ = {isa = PBXBuildFile; fileRef = 22230ADE149A337100AEF013 /* NSDate+XMPPDateTimeProfiles.h */; };
		22230B89149A337100AEF013 /* NSDate+XMPPDateTimeProfiles.m in Sources */ = {isa = PBXBuildFile; fileRef = 22230ADF149A337100AEF013 /* NSDate+XMPPDateTimeProfiles.m */; };
		22230B8A149A337100AEF013 /* XMPPDateTimeProfiles.h in Headers */ = {isa = PBXBuildFile; fileRef = 22230AE0149A337100AEF013 /* XMPPDateTimeProfiles.h */; };
		22230B8B149A337100AEF013 /* XMPPDateTimeProfiles.m in Sources */ = {isa = PBXBuildFile; fileRef = 22230AE1149A337100AEF013 /* XMPPDateTimeProfiles.m */; };
		22230B8C149A337100AEF013 /* XMPPTransports.h in Headers */ = {isa = PBXBuildFile; fileRef = 22230AE2149A337100AEF013 /* XMPPTransports.h */; };
		22230B8D149A337100AEF013 /* XMPPTransports.m in Sources */ = {isa = PBXBuildFile; fileRef = 22230AE3149A337100AEF013 /* XMPPTransports.m */; };
		22230B99149A337100AEF013 /* XMPPAutoPing.h in Headers */ = {isa = PBXBuildFile; fileRef = 22230AF0149A337100AEF013 /* XMPPAutoPing.h */; };
		22230B9A149A337100AEF013 /* XMPPAutoPing.m in Sources */ = {isa = PBXBuildFile; fileRef = 22230AF1149A337100AEF013 /* XMPPAutoPing.m */; };
		22230B9B149A337100AEF013 /* XMPPPing.h in Headers */ = {isa = PBXBuildFile; fileRef = 22230AF2149A337100AEF013 /* XMPPPing.h */; };
		22230B9C149A337100AEF013 /* XMPPPing.m in Sources */ = {isa = PBXBuildFile; fileRef = 22230AF3149A337100AEF013 /* XMPPPing.m */; };
		22230B9D149A337100AEF013 /* XMPPAutoTime.h in Headers */ = {isa = PBXBuildFile; fileRef = 22230AF4149A337100AEF013 /* XMPPAutoTime.h */; };
		22230B9E149A337100AEF013 /* XMPPAutoTime.m in Sources */ = {isa = PBXBuildFile; fileRef = 22230AF5149A337100AEF013 /* XMPPAutoTime.m */; };
		22230B9F149A337100AEF013 /* XMPPTime.h in Headers */ = {isa = PBXBuildFile; fileRef = 22230AF6149A337100AEF013 /* XMPPTime.h */; };
		22230BA0149A337100AEF013 /* XMPPTime.m in Sources */ = {isa = PBXBuildFile; fileRef = 22230AF7149A337100AEF013 /* XMPPTime.m */; };
		22230BA1149A337100AEF013 /* XMPPElement+Delay.h in Headers */ = {isa = PBXBuildFile; fileRef = 22230AF8149A337100AEF013 /* XMPPElement+Delay.h */; };
		22230BA2149A337100AEF013 /* XMPPElement+Delay.m in Sources */ = {isa = PBXBuildFile; fileRef = 22230AF9149A337100AEF013 /* XMPPElement+Delay.m */; };
		22230BA3149A337100AEF013 /* XMPP.h in Headers */ = {isa = PBXBuildFile; fileRef = 22230AFA149A337100AEF013 /* XMPP.h */; };
		22230BA4149A337100AEF013 /* XMPPElement.h in Headers */ = {isa = PBXBuildFile; fileRef = 22230AFB149A337100AEF013 /* XMPPElement.h */; };
		22230BA5149A337100AEF013 /* XMPPElement.m in Sources */ = {isa = PBXBuildFile; fileRef = 22230AFC149A337100AEF013 /* XMPPElement.m */; };
		22230BA6149A337100AEF013 /* XMPPFramework.h in Headers */ = {isa = PBXBuildFile; fileRef = 22230AFD149A337100AEF013 /* XMPPFramework.h */; };
		22230BA7149A337100AEF013 /* XMPPInternal.h in Headers */ = {isa = PBXBuildFile; fileRef = 22230AFE149A337100AEF013 /* XMPPInternal.h */; };
		22230BA8149A337100AEF013 /* XMPPIQ.h in Headers */ = {isa = PBXBuildFile; fileRef = 22230AFF149A337100AEF013 /* XMPPIQ.h */; };
		22230BA9149A337100AEF013 /* XMPPIQ.m in Sources */ = {isa = PBXBuildFile; fileRef = 22230B00149A337100AEF013 /* XMPPIQ.m */; };
		22230BAA149A337100AEF013 /* XMPPJID.h in Headers */ = {isa = PBXBuildFile; fileRef = 22230B01149A337100AEF013 /* XMPPJID.h */; };
		22230BAB149A337100AEF013 /* XMPPJID.m in Sources */ = {isa = PBXBuildFile; fileRef = 22230B02149A337100AEF013 /* XMPPJID.m */; };
		22230BAC149A337100AEF013 /* XMPPLogging.h in Headers */ = {isa = PBXBuildFile; fileRef = 22230B03149A337100AEF013 /* XMPPLogging.h */; };
		22230BAD149A337100AEF013 /* XMPPMessage.h in Headers */ = {isa = PBXBuildFile; fileRef = 22230B04149A337100AEF013 /* XMPPMessage.h */; };
		22230BAE149A337100AEF013 /* XMPPMessage.m in Sources */ = {isa = PBXBuildFile; fileRef = 22230B05149A337100AEF013 /* XMPPMessage.m */; };
		22230BAF149A337100AEF013 /* XMPPModule.h in Headers */ = {isa = PBXBuildFile; fileRef = 22230B06149A337100AEF013 /* XMPPModule.h */; };
		22230BB0149A337100AEF013 /* XMPPModule.m in Sources */ = {isa = PBXBuildFile; fileRef = 22230B07149A337100AEF013 /* XMPPModule.m */; };
		22230BB1149A337100AEF013 /* XMPPParser.h in Headers */ = {isa = PBXBuildFile; fileRef = 22230B08149A337100AEF013 /* XMPPParser.h */; };
		22230BB2149A337100AEF013 /* XMPPParser.m in Sources */ = {isa = PBXBuildFile; fileRef = 22230B09149A337100AEF013 /* XMPPParser.m */; };
		22230BB3149A337100AEF013 /* XMPPPresence.h in Headers */ = {isa = PBXBuildFile; fileRef = 22230B0A149A337100AEF013 /* XMPPPresence.h */; };
		22230BB4149A337100AEF013 /* XMPPPresence.m in Sources */ = {isa = PBXBuildFile; fileRef = 22230B0B149A337100AEF013 /* XMPPPresence.m */; };
		22230BB5149A337100AEF013 /* XMPPStream.h in Headers */ = {isa = PBXBuildFile; fileRef = 22230B0C149A337100AEF013 /* XMPPStream.h */; };
		22230BB6149A337100AEF013 /* XMPPStream.m in Sources */ = {isa = PBXBuildFile; fileRef = 22230B0D149A337100AEF013 /* XMPPStream.m */; };
		22230BB7149A337100AEF013 /* NSData+XMPP.h in Headers */ = {isa = PBXBuildFile; fileRef = 22230B0E149A337100AEF013 /* NSData+XMPP.h */; };
		22230BB8149A337100AEF013 /* NSData+XMPP.m in Sources */ = {isa = PBXBuildFile; fileRef = 22230B0F149A337100AEF013 /* NSData+XMPP.m */; };
		22230BB9149A337100AEF013 /* NSNumber+XMPP.h in Headers */ = {isa = PBXBuildFile; fileRef = 22230B10149A337100AEF013 /* NSNumber+XMPP.h */; };
		22230BBA149A337100AEF013 /* NSNumber+XMPP.m in Sources */ = {isa = PBXBuildFile; fileRef = 22230B11149A337100AEF013 /* NSNumber+XMPP.m */; };
		22230BBB149A337100AEF013 /* NSXMLElement+XMPP.h in Headers */ = {isa = PBXBuildFile; fileRef = 22230B12149A337100AEF013 /* NSXMLElement+XMPP.h */; };
		22230BBC149A337100AEF013 /* NSXMLElement+XMPP.m in Sources */ = {isa = PBXBuildFile; fileRef = 22230B13149A337100AEF013 /* NSXMLElement+XMPP.m */; };
		22230BBD149A337100AEF013 /* idn-int.h in Headers */ = {isa = PBXBuildFile; fileRef = 22230B18149A337100AEF013 /* idn-int.h */; };
		22230BBF149A337100AEF013 /* stringprep.h in Headers */ = {isa = PBXBuildFile; fileRef = 22230B1B149A337100AEF013 /* stringprep.h */; };
		22230BC0149A337100AEF013 /* NSString+DDXML.h in Headers */ = {isa = PBXBuildFile; fileRef = 22230B25149A337100AEF013 /* NSString+DDXML.h */; };
		22230BC1149A337100AEF013 /* NSString+DDXML.m in Sources */ = {isa = PBXBuildFile; fileRef = 22230B26149A337100AEF013 /* NSString+DDXML.m */; };
		22230BC2149A337100AEF013 /* DDXML.h in Headers */ = {isa = PBXBuildFile; fileRef = 22230B1D149A337100AEF013 /* DDXML.h */; };
		22230BC3149A337100AEF013 /* DDXMLDocument.h in Headers */ = {isa = PBXBuildFile; fileRef = 22230B1E149A337100AEF013 /* DDXMLDocument.h */; };
		22230BC4149A337100AEF013 /* DDXMLDocument.m in Sources */ = {isa = PBXBuildFile; fileRef = 22230B1F149A337100AEF013 /* DDXMLDocument.m */; };
		22230BC5149A337100AEF013 /* DDXMLElement.h in Headers */ = {isa = PBXBuildFile; fileRef = 22230B20149A337100AEF013 /* DDXMLElement.h */; };
		22230BC6149A337100AEF013 /* DDXMLElement.m in Sources */ = {isa = PBXBuildFile; fileRef = 22230B21149A337100AEF013 /* DDXMLElement.m */; };
		22230BC7149A337100AEF013 /* DDXMLNode.h in Headers */ = {isa = PBXBuildFile; fileRef = 22230B22149A337100AEF013 /* DDXMLNode.h */; };
		22230BC8149A337100AEF013 /* DDXMLNode.m in Sources */ = {isa = PBXBuildFile; fileRef = 22230B23149A337100AEF013 /* DDXMLNode.m */; };
		22230BC9149A337100AEF013 /* DDXMLPrivate.h in Headers */ = {isa = PBXBuildFile; fileRef = 22230B27149A337100AEF013 /* DDXMLPrivate.h */; };
		22230BCA149A337100AEF013 /* GCDAsyncSocket.h in Headers */ = {isa = PBXBuildFile; fileRef = 22230B28149A337100AEF013 /* GCDAsyncSocket.h */; };
		22230BCB149A337100AEF013 /* GCDAsyncSocket.m in Sources */ = {isa = PBXBuildFile; fileRef = 22230B29149A337100AEF013 /* GCDAsyncSocket.m */; };
		22230BCC149A337100AEF013 /* DDAbstractDatabaseLogger.h in Headers */ = {isa = PBXBuildFile; fileRef = 22230B2A149A337100AEF013 /* DDAbstractDatabaseLogger.h */; };
		22230BCD149A337100AEF013 /* DDAbstractDatabaseLogger.m in Sources */ = {isa = PBXBuildFile; fileRef = 22230B2B149A337100AEF013 /* DDAbstractDatabaseLogger.m */; };
		22230BCE149A337100AEF013 /* DDASLLogger.h in Headers */ = {isa = PBXBuildFile; fileRef = 22230B2C149A337100AEF013 /* DDASLLogger.h */; };
		22230BCF149A337100AEF013 /* DDASLLogger.m in Sources */ = {isa = PBXBuildFile; fileRef = 22230B2D149A337100AEF013 /* DDASLLogger.m */; };
		22230BD0149A337100AEF013 /* DDFileLogger.h in Headers */ = {isa = PBXBuildFile; fileRef = 22230B2E149A337100AEF013 /* DDFileLogger.h */; };
		22230BD1149A337100AEF013 /* DDFileLogger.m in Sources */ = {isa = PBXBuildFile; fileRef = 22230B2F149A337100AEF013 /* DDFileLogger.m */; };
		22230BD2149A337100AEF013 /* DDLog.h in Headers */ = {isa = PBXBuildFile; fileRef = 22230B30149A337100AEF013 /* DDLog.h */; };
		22230BD3149A337100AEF013 /* DDLog.m in Sources */ = {isa = PBXBuildFile; fileRef = 22230B31149A337100AEF013 /* DDLog.m */; };
		22230BD4149A337100AEF013 /* DDTTYLogger.h in Headers */ = {isa = PBXBuildFile; fileRef = 22230B32149A337100AEF013 /* DDTTYLogger.h */; };
		22230BD5149A337100AEF013 /* DDTTYLogger.m in Sources */ = {isa = PBXBuildFile; fileRef = 22230B33149A337100AEF013 /* DDTTYLogger.m */; };
		22230BD8149A356000AEF013 /* libidn.a in Frameworks */ = {isa = PBXBuildFile; fileRef = 22230B1A149A337100AEF013 /* libidn.a */; };
		223A1D7E149777E80019A5E3 /* Foundation.framework in Frameworks */ = {isa = PBXBuildFile; fileRef = 223A1D7D149777E80019A5E3 /* Foundation.framework */; };
		223A1D84149777E80019A5E3 /* PhonoNative.m in Sources */ = {isa = PBXBuildFile; fileRef = 223A1D83149777E80019A5E3 /* PhonoNative.m */; };
		223A1DC71497A24B0019A5E3 /* PhonoPhone.h in Headers */ = {isa = PBXBuildFile; fileRef = 223A1DC51497A24B0019A5E3 /* PhonoPhone.h */; };
		223A1DC81497A24B0019A5E3 /* PhonoPhone.m in Sources */ = {isa = PBXBuildFile; fileRef = 223A1DC61497A24B0019A5E3 /* PhonoPhone.m */; };
		223A1DCB1497B0C90019A5E3 /* PhonoCall.h in Headers */ = {isa = PBXBuildFile; fileRef = 223A1DC91497B0C90019A5E3 /* PhonoCall.h */; };
		223A1DCC1497B0C90019A5E3 /* PhonoCall.m in Sources */ = {isa = PBXBuildFile; fileRef = 223A1DCA1497B0C90019A5E3 /* PhonoCall.m */; };
		223A1DD31498B6CC0019A5E3 /* PhonoMessaging.h in Headers */ = {isa = PBXBuildFile; fileRef = 223A1DD11498B6CC0019A5E3 /* PhonoMessaging.h */; };
		223A1DD41498B6CC0019A5E3 /* PhonoMessaging.m in Sources */ = {isa = PBXBuildFile; fileRef = 223A1DD21498B6CC0019A5E3 /* PhonoMessaging.m */; };
		223A1DD71498C2E10019A5E3 /* PhonoMessage.h in Headers */ = {isa = PBXBuildFile; fileRef = 223A1DD51498C2E10019A5E3 /* PhonoMessage.h */; };
		223A1DD81498C2E10019A5E3 /* PhonoMessage.m in Sources */ = {isa = PBXBuildFile; fileRef = 223A1DD61498C2E10019A5E3 /* PhonoMessage.m */; };
		229B9A1614A0E1AA00E632FA /* XMPPJingle.h in Headers */ = {isa = PBXBuildFile; fileRef = 229B9A1414A0E1AA00E632FA /* XMPPJingle.h */; };
		229B9A1714A0E1AA00E632FA /* XMPPJingle.m in Sources */ = {isa = PBXBuildFile; fileRef = 229B9A1514A0E1AA00E632FA /* XMPPJingle.m */; };
/* End PBXBuildFile section */

/* Begin PBXFileReference section */
		221BD7C714A4D8B500E3972C /* ToDo */ = {isa = PBXFileReference; fileEncoding = 4; lastKnownFileType = text; path = ToDo; sourceTree = "<group>"; };
		22230A6D149A31E000AEF013 /* PhonoXMPP.h */ = {isa = PBXFileReference; fileEncoding = 4; lastKnownFileType = sourcecode.c.h; path = PhonoXMPP.h; sourceTree = "<group>"; };
		22230A6E149A31E000AEF013 /* PhonoXMPP.m */ = {isa = PBXFileReference; fileEncoding = 4; lastKnownFileType = sourcecode.c.objc; path = PhonoXMPP.m; sourceTree = "<group>"; };
		22230A77149A337100AEF013 /* DDList.h */ = {isa = PBXFileReference; fileEncoding = 4; lastKnownFileType = sourcecode.c.h; path = DDList.h; sourceTree = "<group>"; };
		22230A78149A337100AEF013 /* DDList.m */ = {isa = PBXFileReference; fileEncoding = 4; lastKnownFileType = sourcecode.c.objc; path = DDList.m; sourceTree = "<group>"; };
		22230A79149A337100AEF013 /* GCDMulticastDelegate.h */ = {isa = PBXFileReference; fileEncoding = 4; lastKnownFileType = sourcecode.c.h; path = GCDMulticastDelegate.h; sourceTree = "<group>"; };
		22230A7A149A337100AEF013 /* GCDMulticastDelegate.m */ = {isa = PBXFileReference; fileEncoding = 4; lastKnownFileType = sourcecode.c.objc; path = GCDMulticastDelegate.m; sourceTree = "<group>"; };
		22230A7B149A337100AEF013 /* LibIDN.h */ = {isa = PBXFileReference; fileEncoding = 4; lastKnownFileType = sourcecode.c.h; path = LibIDN.h; sourceTree = "<group>"; };
		22230A7C149A337100AEF013 /* LibIDN.m */ = {isa = PBXFileReference; fileEncoding = 4; lastKnownFileType = sourcecode.c.objc; path = LibIDN.m; sourceTree = "<group>"; };
		22230A7D149A337100AEF013 /* RFImageToDataTransformer.h */ = {isa = PBXFileReference; fileEncoding = 4; lastKnownFileType = sourcecode.c.h; path = RFImageToDataTransformer.h; sourceTree = "<group>"; };
		22230A7E149A337100AEF013 /* RFImageToDataTransformer.m */ = {isa = PBXFileReference; fileEncoding = 4; lastKnownFileType = sourcecode.c.objc; path = RFImageToDataTransformer.m; sourceTree = "<group>"; };
		22230A7F149A337100AEF013 /* XMPPDigestAuthentication.h */ = {isa = PBXFileReference; fileEncoding = 4; lastKnownFileType = sourcecode.c.h; path = XMPPDigestAuthentication.h; sourceTree = "<group>"; };
		22230A80149A337100AEF013 /* XMPPDigestAuthentication.m */ = {isa = PBXFileReference; fileEncoding = 4; lastKnownFileType = sourcecode.c.objc; path = XMPPDigestAuthentication.m; sourceTree = "<group>"; };
		22230A81149A337100AEF013 /* XMPPIDTracker.h */ = {isa = PBXFileReference; fileEncoding = 4; lastKnownFileType = sourcecode.c.h; path = XMPPIDTracker.h; sourceTree = "<group>"; };
		22230A82149A337100AEF013 /* XMPPIDTracker.m */ = {isa = PBXFileReference; fileEncoding = 4; lastKnownFileType = sourcecode.c.objc; path = XMPPIDTracker.m; sourceTree = "<group>"; };
		22230A83149A337100AEF013 /* XMPPSASLAuthentication.h */ = {isa = PBXFileReference; fileEncoding = 4; lastKnownFileType = sourcecode.c.h; path = XMPPSASLAuthentication.h; sourceTree = "<group>"; };
		22230A84149A337100AEF013 /* XMPPSRVResolver.h */ = {isa = PBXFileReference; fileEncoding = 4; lastKnownFileType = sourcecode.c.h; path = XMPPSRVResolver.h; sourceTree = "<group>"; };
		22230A85149A337100AEF013 /* XMPPSRVResolver.m */ = {isa = PBXFileReference; fileEncoding = 4; lastKnownFileType = sourcecode.c.objc; path = XMPPSRVResolver.m; sourceTree = "<group>"; };
		22230A86149A337100AEF013 /* XMPPXFacebookPlatformAuthentication.h */ = {isa = PBXFileReference; fileEncoding = 4; lastKnownFileType = sourcecode.c.h; path = XMPPXFacebookPlatformAuthentication.h; sourceTree = "<group>"; };
		22230A87149A337100AEF013 /* XMPPXFacebookPlatformAuthentication.m */ = {isa = PBXFileReference; fileEncoding = 4; lastKnownFileType = sourcecode.c.objc; path = XMPPXFacebookPlatformAuthentication.m; sourceTree = "<group>"; };
		22230A9A149A337100AEF013 /* XMPPReconnect.h */ = {isa = PBXFileReference; fileEncoding = 4; lastKnownFileType = sourcecode.c.h; path = XMPPReconnect.h; sourceTree = "<group>"; };
		22230A9B149A337100AEF013 /* XMPPReconnect.m */ = {isa = PBXFileReference; fileEncoding = 4; lastKnownFileType = sourcecode.c.objc; path = XMPPReconnect.m; sourceTree = "<group>"; };
		22230AB9149A337100AEF013 /* XMPPMessage+XEP0045.h */ = {isa = PBXFileReference; fileEncoding = 4; lastKnownFileType = sourcecode.c.h; path = "XMPPMessage+XEP0045.h"; sourceTree = "<group>"; };
		22230ABA149A337100AEF013 /* XMPPMessage+XEP0045.m */ = {isa = PBXFileReference; fileEncoding = 4; lastKnownFileType = sourcecode.c.objc; path = "XMPPMessage+XEP0045.m"; sourceTree = "<group>"; };
		22230ABB149A337100AEF013 /* XMPPRoom.h */ = {isa = PBXFileReference; fileEncoding = 4; lastKnownFileType = sourcecode.c.h; path = XMPPRoom.h; sourceTree = "<group>"; };
		22230ABC149A337100AEF013 /* XMPPRoom.m */ = {isa = PBXFileReference; fileEncoding = 4; lastKnownFileType = sourcecode.c.objc; path = XMPPRoom.m; sourceTree = "<group>"; };
		22230ABD149A337100AEF013 /* XMPPRoomOccupant.h */ = {isa = PBXFileReference; fileEncoding = 4; lastKnownFileType = sourcecode.c.h; path = XMPPRoomOccupant.h; sourceTree = "<group>"; };
		22230ABE149A337100AEF013 /* XMPPRoomOccupant.m */ = {isa = PBXFileReference; fileEncoding = 4; lastKnownFileType = sourcecode.c.objc; path = XMPPRoomOccupant.m; sourceTree = "<group>"; };
		22230ADC149A337100AEF013 /* TURNSocket.h */ = {isa = PBXFileReference; fileEncoding = 4; lastKnownFileType = sourcecode.c.h; path = TURNSocket.h; sourceTree = "<group>"; };
		22230ADD149A337100AEF013 /* TURNSocket.m */ = {isa = PBXFileReference; fileEncoding = 4; lastKnownFileType = sourcecode.c.objc; path = TURNSocket.m; sourceTree = "<group>"; };
		22230ADE149A337100AEF013 /* NSDate+XMPPDateTimeProfiles.h */ = {isa = PBXFileReference; fileEncoding = 4; lastKnownFileType = sourcecode.c.h; path = "NSDate+XMPPDateTimeProfiles.h"; sourceTree = "<group>"; };
		22230ADF149A337100AEF013 /* NSDate+XMPPDateTimeProfiles.m */ = {isa = PBXFileReference; fileEncoding = 4; lastKnownFileType = sourcecode.c.objc; path = "NSDate+XMPPDateTimeProfiles.m"; sourceTree = "<group>"; };
		22230AE0149A337100AEF013 /* XMPPDateTimeProfiles.h */ = {isa = PBXFileReference; fileEncoding = 4; lastKnownFileType = sourcecode.c.h; path = XMPPDateTimeProfiles.h; sourceTree = "<group>"; };
		22230AE1149A337100AEF013 /* XMPPDateTimeProfiles.m */ = {isa = PBXFileReference; fileEncoding = 4; lastKnownFileType = sourcecode.c.objc; path = XMPPDateTimeProfiles.m; sourceTree = "<group>"; };
		22230AE2149A337100AEF013 /* XMPPTransports.h */ = {isa = PBXFileReference; fileEncoding = 4; lastKnownFileType = sourcecode.c.h; path = XMPPTransports.h; sourceTree = "<group>"; };
		22230AE3149A337100AEF013 /* XMPPTransports.m */ = {isa = PBXFileReference; fileEncoding = 4; lastKnownFileType = sourcecode.c.objc; path = XMPPTransports.m; sourceTree = "<group>"; };
		22230AF0149A337100AEF013 /* XMPPAutoPing.h */ = {isa = PBXFileReference; fileEncoding = 4; lastKnownFileType = sourcecode.c.h; path = XMPPAutoPing.h; sourceTree = "<group>"; };
		22230AF1149A337100AEF013 /* XMPPAutoPing.m */ = {isa = PBXFileReference; fileEncoding = 4; lastKnownFileType = sourcecode.c.objc; path = XMPPAutoPing.m; sourceTree = "<group>"; };
		22230AF2149A337100AEF013 /* XMPPPing.h */ = {isa = PBXFileReference; fileEncoding = 4; lastKnownFileType = sourcecode.c.h; path = XMPPPing.h; sourceTree = "<group>"; };
		22230AF3149A337100AEF013 /* XMPPPing.m */ = {isa = PBXFileReference; fileEncoding = 4; lastKnownFileType = sourcecode.c.objc; path = XMPPPing.m; sourceTree = "<group>"; };
		22230AF4149A337100AEF013 /* XMPPAutoTime.h */ = {isa = PBXFileReference; fileEncoding = 4; lastKnownFileType = sourcecode.c.h; path = XMPPAutoTime.h; sourceTree = "<group>"; };
		22230AF5149A337100AEF013 /* XMPPAutoTime.m */ = {isa = PBXFileReference; fileEncoding = 4; lastKnownFileType = sourcecode.c.objc; path = XMPPAutoTime.m; sourceTree = "<group>"; };
		22230AF6149A337100AEF013 /* XMPPTime.h */ = {isa = PBXFileReference; fileEncoding = 4; lastKnownFileType = sourcecode.c.h; path = XMPPTime.h; sourceTree = "<group>"; };
		22230AF7149A337100AEF013 /* XMPPTime.m */ = {isa = PBXFileReference; fileEncoding = 4; lastKnownFileType = sourcecode.c.objc; path = XMPPTime.m; sourceTree = "<group>"; };
		22230AF8149A337100AEF013 /* XMPPElement+Delay.h */ = {isa = PBXFileReference; fileEncoding = 4; lastKnownFileType = sourcecode.c.h; path = "XMPPElement+Delay.h"; sourceTree = "<group>"; };
		22230AF9149A337100AEF013 /* XMPPElement+Delay.m */ = {isa = PBXFileReference; fileEncoding = 4; lastKnownFileType = sourcecode.c.objc; path = "XMPPElement+Delay.m"; sourceTree = "<group>"; };
		22230AFA149A337100AEF013 /* XMPP.h */ = {isa = PBXFileReference; fileEncoding = 4; lastKnownFileType = sourcecode.c.h; path = XMPP.h; sourceTree = "<group>"; };
		22230AFB149A337100AEF013 /* XMPPElement.h */ = {isa = PBXFileReference; fileEncoding = 4; lastKnownFileType = sourcecode.c.h; path = XMPPElement.h; sourceTree = "<group>"; };
		22230AFC149A337100AEF013 /* XMPPElement.m */ = {isa = PBXFileReference; fileEncoding = 4; lastKnownFileType = sourcecode.c.objc; path = XMPPElement.m; sourceTree = "<group>"; };
		22230AFD149A337100AEF013 /* XMPPFramework.h */ = {isa = PBXFileReference; fileEncoding = 4; lastKnownFileType = sourcecode.c.h; path = XMPPFramework.h; sourceTree = "<group>"; };
		22230AFE149A337100AEF013 /* XMPPInternal.h */ = {isa = PBXFileReference; fileEncoding = 4; lastKnownFileType = sourcecode.c.h; path = XMPPInternal.h; sourceTree = "<group>"; };
		22230AFF149A337100AEF013 /* XMPPIQ.h */ = {isa = PBXFileReference; fileEncoding = 4; lastKnownFileType = sourcecode.c.h; path = XMPPIQ.h; sourceTree = "<group>"; };
		22230B00149A337100AEF013 /* XMPPIQ.m */ = {isa = PBXFileReference; fileEncoding = 4; lastKnownFileType = sourcecode.c.objc; path = XMPPIQ.m; sourceTree = "<group>"; };
		22230B01149A337100AEF013 /* XMPPJID.h */ = {isa = PBXFileReference; fileEncoding = 4; lastKnownFileType = sourcecode.c.h; path = XMPPJID.h; sourceTree = "<group>"; };
		22230B02149A337100AEF013 /* XMPPJID.m */ = {isa = PBXFileReference; fileEncoding = 4; lastKnownFileType = sourcecode.c.objc; path = XMPPJID.m; sourceTree = "<group>"; };
		22230B03149A337100AEF013 /* XMPPLogging.h */ = {isa = PBXFileReference; fileEncoding = 4; lastKnownFileType = sourcecode.c.h; path = XMPPLogging.h; sourceTree = "<group>"; };
		22230B04149A337100AEF013 /* XMPPMessage.h */ = {isa = PBXFileReference; fileEncoding = 4; lastKnownFileType = sourcecode.c.h; path = XMPPMessage.h; sourceTree = "<group>"; };
		22230B05149A337100AEF013 /* XMPPMessage.m */ = {isa = PBXFileReference; fileEncoding = 4; lastKnownFileType = sourcecode.c.objc; path = XMPPMessage.m; sourceTree = "<group>"; };
		22230B06149A337100AEF013 /* XMPPModule.h */ = {isa = PBXFileReference; fileEncoding = 4; lastKnownFileType = sourcecode.c.h; path = XMPPModule.h; sourceTree = "<group>"; };
		22230B07149A337100AEF013 /* XMPPModule.m */ = {isa = PBXFileReference; fileEncoding = 4; lastKnownFileType = sourcecode.c.objc; path = XMPPModule.m; sourceTree = "<group>"; };
		22230B08149A337100AEF013 /* XMPPParser.h */ = {isa = PBXFileReference; fileEncoding = 4; lastKnownFileType = sourcecode.c.h; path = XMPPParser.h; sourceTree = "<group>"; };
		22230B09149A337100AEF013 /* XMPPParser.m */ = {isa = PBXFileReference; fileEncoding = 4; lastKnownFileType = sourcecode.c.objc; path = XMPPParser.m; sourceTree = "<group>"; };
		22230B0A149A337100AEF013 /* XMPPPresence.h */ = {isa = PBXFileReference; fileEncoding = 4; lastKnownFileType = sourcecode.c.h; path = XMPPPresence.h; sourceTree = "<group>"; };
		22230B0B149A337100AEF013 /* XMPPPresence.m */ = {isa = PBXFileReference; fileEncoding = 4; lastKnownFileType = sourcecode.c.objc; path = XMPPPresence.m; sourceTree = "<group>"; };
		22230B0C149A337100AEF013 /* XMPPStream.h */ = {isa = PBXFileReference; fileEncoding = 4; lastKnownFileType = sourcecode.c.h; path = XMPPStream.h; sourceTree = "<group>"; };
		22230B0D149A337100AEF013 /* XMPPStream.m */ = {isa = PBXFileReference; fileEncoding = 4; lastKnownFileType = sourcecode.c.objc; path = XMPPStream.m; sourceTree = "<group>"; };
		22230B0E149A337100AEF013 /* NSData+XMPP.h */ = {isa = PBXFileReference; fileEncoding = 4; lastKnownFileType = sourcecode.c.h; path = "NSData+XMPP.h"; sourceTree = "<group>"; };
		22230B0F149A337100AEF013 /* NSData+XMPP.m */ = {isa = PBXFileReference; fileEncoding = 4; lastKnownFileType = sourcecode.c.objc; path = "NSData+XMPP.m"; sourceTree = "<group>"; };
		22230B10149A337100AEF013 /* NSNumber+XMPP.h */ = {isa = PBXFileReference; fileEncoding = 4; lastKnownFileType = sourcecode.c.h; path = "NSNumber+XMPP.h"; sourceTree = "<group>"; };
		22230B11149A337100AEF013 /* NSNumber+XMPP.m */ = {isa = PBXFileReference; fileEncoding = 4; lastKnownFileType = sourcecode.c.objc; path = "NSNumber+XMPP.m"; sourceTree = "<group>"; };
		22230B12149A337100AEF013 /* NSXMLElement+XMPP.h */ = {isa = PBXFileReference; fileEncoding = 4; lastKnownFileType = sourcecode.c.h; path = "NSXMLElement+XMPP.h"; sourceTree = "<group>"; };
		22230B13149A337100AEF013 /* NSXMLElement+XMPP.m */ = {isa = PBXFileReference; fileEncoding = 4; lastKnownFileType = sourcecode.c.objc; path = "NSXMLElement+XMPP.m"; sourceTree = "<group>"; };
		22230B18149A337100AEF013 /* idn-int.h */ = {isa = PBXFileReference; fileEncoding = 4; lastKnownFileType = sourcecode.c.h; path = "idn-int.h"; sourceTree = "<group>"; };
		22230B19149A337100AEF013 /* libidn-1.15.tar.gz */ = {isa = PBXFileReference; lastKnownFileType = archive.gzip; path = "libidn-1.15.tar.gz"; sourceTree = "<group>"; };
		22230B1A149A337100AEF013 /* libidn.a */ = {isa = PBXFileReference; lastKnownFileType = archive.ar; path = libidn.a; sourceTree = "<group>"; };
		22230B1B149A337100AEF013 /* stringprep.h */ = {isa = PBXFileReference; fileEncoding = 4; lastKnownFileType = sourcecode.c.h; path = stringprep.h; sourceTree = "<group>"; };
		22230B1D149A337100AEF013 /* DDXML.h */ = {isa = PBXFileReference; fileEncoding = 4; lastKnownFileType = sourcecode.c.h; path = DDXML.h; sourceTree = "<group>"; };
		22230B1E149A337100AEF013 /* DDXMLDocument.h */ = {isa = PBXFileReference; fileEncoding = 4; lastKnownFileType = sourcecode.c.h; path = DDXMLDocument.h; sourceTree = "<group>"; };
		22230B1F149A337100AEF013 /* DDXMLDocument.m */ = {isa = PBXFileReference; fileEncoding = 4; lastKnownFileType = sourcecode.c.objc; path = DDXMLDocument.m; sourceTree = "<group>"; };
		22230B20149A337100AEF013 /* DDXMLElement.h */ = {isa = PBXFileReference; fileEncoding = 4; lastKnownFileType = sourcecode.c.h; path = DDXMLElement.h; sourceTree = "<group>"; };
		22230B21149A337100AEF013 /* DDXMLElement.m */ = {isa = PBXFileReference; fileEncoding = 4; lastKnownFileType = sourcecode.c.objc; path = DDXMLElement.m; sourceTree = "<group>"; };
		22230B22149A337100AEF013 /* DDXMLNode.h */ = {isa = PBXFileReference; fileEncoding = 4; lastKnownFileType = sourcecode.c.h; path = DDXMLNode.h; sourceTree = "<group>"; };
		22230B23149A337100AEF013 /* DDXMLNode.m */ = {isa = PBXFileReference; fileEncoding = 4; lastKnownFileType = sourcecode.c.objc; path = DDXMLNode.m; sourceTree = "<group>"; };
		22230B25149A337100AEF013 /* NSString+DDXML.h */ = {isa = PBXFileReference; fileEncoding = 4; lastKnownFileType = sourcecode.c.h; path = "NSString+DDXML.h"; sourceTree = "<group>"; };
		22230B26149A337100AEF013 /* NSString+DDXML.m */ = {isa = PBXFileReference; fileEncoding = 4; lastKnownFileType = sourcecode.c.objc; path = "NSString+DDXML.m"; sourceTree = "<group>"; };
		22230B27149A337100AEF013 /* DDXMLPrivate.h */ = {isa = PBXFileReference; fileEncoding = 4; lastKnownFileType = sourcecode.c.h; path = DDXMLPrivate.h; sourceTree = "<group>"; };
		22230B28149A337100AEF013 /* GCDAsyncSocket.h */ = {isa = PBXFileReference; fileEncoding = 4; lastKnownFileType = sourcecode.c.h; path = GCDAsyncSocket.h; sourceTree = "<group>"; };
		22230B29149A337100AEF013 /* GCDAsyncSocket.m */ = {isa = PBXFileReference; fileEncoding = 4; lastKnownFileType = sourcecode.c.objc; path = GCDAsyncSocket.m; sourceTree = "<group>"; };
		22230B2A149A337100AEF013 /* DDAbstractDatabaseLogger.h */ = {isa = PBXFileReference; fileEncoding = 4; lastKnownFileType = sourcecode.c.h; path = DDAbstractDatabaseLogger.h; sourceTree = "<group>"; };
		22230B2B149A337100AEF013 /* DDAbstractDatabaseLogger.m */ = {isa = PBXFileReference; fileEncoding = 4; lastKnownFileType = sourcecode.c.objc; path = DDAbstractDatabaseLogger.m; sourceTree = "<group>"; };
		22230B2C149A337100AEF013 /* DDASLLogger.h */ = {isa = PBXFileReference; fileEncoding = 4; lastKnownFileType = sourcecode.c.h; path = DDASLLogger.h; sourceTree = "<group>"; };
		22230B2D149A337100AEF013 /* DDASLLogger.m */ = {isa = PBXFileReference; fileEncoding = 4; lastKnownFileType = sourcecode.c.objc; path = DDASLLogger.m; sourceTree = "<group>"; };
		22230B2E149A337100AEF013 /* DDFileLogger.h */ = {isa = PBXFileReference; fileEncoding = 4; lastKnownFileType = sourcecode.c.h; path = DDFileLogger.h; sourceTree = "<group>"; };
		22230B2F149A337100AEF013 /* DDFileLogger.m */ = {isa = PBXFileReference; fileEncoding = 4; lastKnownFileType = sourcecode.c.objc; path = DDFileLogger.m; sourceTree = "<group>"; };
		22230B30149A337100AEF013 /* DDLog.h */ = {isa = PBXFileReference; fileEncoding = 4; lastKnownFileType = sourcecode.c.h; path = DDLog.h; sourceTree = "<group>"; };
		22230B31149A337100AEF013 /* DDLog.m */ = {isa = PBXFileReference; fileEncoding = 4; lastKnownFileType = sourcecode.c.objc; path = DDLog.m; sourceTree = "<group>"; };
		22230B32149A337100AEF013 /* DDTTYLogger.h */ = {isa = PBXFileReference; fileEncoding = 4; lastKnownFileType = sourcecode.c.h; path = DDTTYLogger.h; sourceTree = "<group>"; };
		22230B33149A337100AEF013 /* DDTTYLogger.m */ = {isa = PBXFileReference; fileEncoding = 4; lastKnownFileType = sourcecode.c.objc; path = DDTTYLogger.m; sourceTree = "<group>"; };
		223A1D7A149777E80019A5E3 /* libPhonoNative.a */ = {isa = PBXFileReference; explicitFileType = archive.ar; includeInIndex = 0; path = libPhonoNative.a; sourceTree = BUILT_PRODUCTS_DIR; };
		223A1D7D149777E80019A5E3 /* Foundation.framework */ = {isa = PBXFileReference; lastKnownFileType = wrapper.framework; name = Foundation.framework; path = System/Library/Frameworks/Foundation.framework; sourceTree = SDKROOT; };
		223A1D81149777E80019A5E3 /* PhonoNative-Prefix.pch */ = {isa = PBXFileReference; lastKnownFileType = sourcecode.c.h; path = "PhonoNative-Prefix.pch"; sourceTree = "<group>"; };
		223A1D82149777E80019A5E3 /* PhonoNative.h */ = {isa = PBXFileReference; lastKnownFileType = sourcecode.c.h; path = PhonoNative.h; sourceTree = "<group>"; };
		223A1D83149777E80019A5E3 /* PhonoNative.m */ = {isa = PBXFileReference; lastKnownFileType = sourcecode.c.objc; path = PhonoNative.m; sourceTree = "<group>"; };
		223A1DC51497A24B0019A5E3 /* PhonoPhone.h */ = {isa = PBXFileReference; fileEncoding = 4; lastKnownFileType = sourcecode.c.h; path = PhonoPhone.h; sourceTree = "<group>"; };
		223A1DC61497A24B0019A5E3 /* PhonoPhone.m */ = {isa = PBXFileReference; fileEncoding = 4; lastKnownFileType = sourcecode.c.objc; path = PhonoPhone.m; sourceTree = "<group>"; };
		223A1DC91497B0C90019A5E3 /* PhonoCall.h */ = {isa = PBXFileReference; fileEncoding = 4; lastKnownFileType = sourcecode.c.h; path = PhonoCall.h; sourceTree = "<group>"; };
		223A1DCA1497B0C90019A5E3 /* PhonoCall.m */ = {isa = PBXFileReference; fileEncoding = 4; lastKnownFileType = sourcecode.c.objc; path = PhonoCall.m; sourceTree = "<group>"; };
		223A1DD11498B6CC0019A5E3 /* PhonoMessaging.h */ = {isa = PBXFileReference; fileEncoding = 4; lastKnownFileType = sourcecode.c.h; path = PhonoMessaging.h; sourceTree = "<group>"; };
		223A1DD21498B6CC0019A5E3 /* PhonoMessaging.m */ = {isa = PBXFileReference; fileEncoding = 4; lastKnownFileType = sourcecode.c.objc; path = PhonoMessaging.m; sourceTree = "<group>"; };
		223A1DD51498C2E10019A5E3 /* PhonoMessage.h */ = {isa = PBXFileReference; fileEncoding = 4; lastKnownFileType = sourcecode.c.h; path = PhonoMessage.h; sourceTree = "<group>"; };
		223A1DD61498C2E10019A5E3 /* PhonoMessage.m */ = {isa = PBXFileReference; fileEncoding = 4; lastKnownFileType = sourcecode.c.objc; path = PhonoMessage.m; sourceTree = "<group>"; };
		229B9A1414A0E1AA00E632FA /* XMPPJingle.h */ = {isa = PBXFileReference; fileEncoding = 4; lastKnownFileType = sourcecode.c.h; name = XMPPJingle.h; path = "XEP-0166/XMPPJingle.h"; sourceTree = "<group>"; };
		229B9A1514A0E1AA00E632FA /* XMPPJingle.m */ = {isa = PBXFileReference; fileEncoding = 4; lastKnownFileType = sourcecode.c.objc; name = XMPPJingle.m; path = "XEP-0166/XMPPJingle.m"; sourceTree = "<group>"; };
/* End PBXFileReference section */

/* Begin PBXFrameworksBuildPhase section */
		223A1D77149777E80019A5E3 /* Frameworks */ = {
			isa = PBXFrameworksBuildPhase;
			buildActionMask = 2147483647;
			files = (
				22230BD8149A356000AEF013 /* libidn.a in Frameworks */,
				223A1D7E149777E80019A5E3 /* Foundation.framework in Frameworks */,
			);
			runOnlyForDeploymentPostprocessing = 0;
		};
/* End PBXFrameworksBuildPhase section */

/* Begin PBXGroup section */
		22230A6B149A311900AEF013 /* PhonoXMPP */ = {
			isa = PBXGroup;
			children = (
				22230A6D149A31E000AEF013 /* PhonoXMPP.h */,
				22230A6E149A31E000AEF013 /* PhonoXMPP.m */,
				221BD7C714A4D8B500E3972C /* ToDo */,
			);
			name = PhonoXMPP;
			sourceTree = "<group>";
		};
		22230A71149A337100AEF013 /* XMPP */ = {
			isa = PBXGroup;
			children = (
				22230A72149A337100AEF013 /* Utilities */,
				22230A73149A337100AEF013 /* Extensions */,
				22230A74149A337100AEF013 /* Core */,
				22230A75149A337100AEF013 /* Categories */,
				22230A76149A337100AEF013 /* Vendor */,
			);
			name = XMPP;
			path = ../VisIVR;
			sourceTree = "<group>";
		};
		22230A72149A337100AEF013 /* Utilities */ = {
			isa = PBXGroup;
			children = (
				22230A77149A337100AEF013 /* DDList.h */,
				22230A78149A337100AEF013 /* DDList.m */,
				22230A79149A337100AEF013 /* GCDMulticastDelegate.h */,
				22230A7A149A337100AEF013 /* GCDMulticastDelegate.m */,
				22230A7B149A337100AEF013 /* LibIDN.h */,
				22230A7C149A337100AEF013 /* LibIDN.m */,
				22230A7D149A337100AEF013 /* RFImageToDataTransformer.h */,
				22230A7E149A337100AEF013 /* RFImageToDataTransformer.m */,
				22230A7F149A337100AEF013 /* XMPPDigestAuthentication.h */,
				22230A80149A337100AEF013 /* XMPPDigestAuthentication.m */,
				22230A81149A337100AEF013 /* XMPPIDTracker.h */,
				22230A82149A337100AEF013 /* XMPPIDTracker.m */,
				22230A83149A337100AEF013 /* XMPPSASLAuthentication.h */,
				22230A84149A337100AEF013 /* XMPPSRVResolver.h */,
				22230A85149A337100AEF013 /* XMPPSRVResolver.m */,
				22230A86149A337100AEF013 /* XMPPXFacebookPlatformAuthentication.h */,
				22230A87149A337100AEF013 /* XMPPXFacebookPlatformAuthentication.m */,
			);
			name = Utilities;
			path = "../../../../../steely-glint/XMPPFramework/Utilities";
			sourceTree = "<group>";
		};
		22230A73149A337100AEF013 /* Extensions */ = {
			isa = PBXGroup;
			children = (
				229B9A1214A0E02800E632FA /* XEP-0166 */,
				22230A89149A337100AEF013 /* Reconnect */,
				22230A8C149A337100AEF013 /* XEP-0045 */,
				22230A8F149A337100AEF013 /* XEP-0065 */,
				22230A90149A337100AEF013 /* XEP-0082 */,
				22230A91149A337100AEF013 /* XEP-0100 */,
				22230A94149A337100AEF013 /* XEP-0199 */,
				22230A95149A337100AEF013 /* XEP-0202 */,
				22230A96149A337100AEF013 /* XEP-0203 */,
			);
			name = Extensions;
			path = "../../../../../steely-glint/XMPPFramework/Extensions";
			sourceTree = "<group>";
		};
		22230A74149A337100AEF013 /* Core */ = {
			isa = PBXGroup;
			children = (
				22230AFA149A337100AEF013 /* XMPP.h */,
				22230AFB149A337100AEF013 /* XMPPElement.h */,
				22230AFC149A337100AEF013 /* XMPPElement.m */,
				22230AFD149A337100AEF013 /* XMPPFramework.h */,
				22230AFE149A337100AEF013 /* XMPPInternal.h */,
				22230AFF149A337100AEF013 /* XMPPIQ.h */,
				22230B00149A337100AEF013 /* XMPPIQ.m */,
				22230B01149A337100AEF013 /* XMPPJID.h */,
				22230B02149A337100AEF013 /* XMPPJID.m */,
				22230B03149A337100AEF013 /* XMPPLogging.h */,
				22230B04149A337100AEF013 /* XMPPMessage.h */,
				22230B05149A337100AEF013 /* XMPPMessage.m */,
				22230B06149A337100AEF013 /* XMPPModule.h */,
				22230B07149A337100AEF013 /* XMPPModule.m */,
				22230B08149A337100AEF013 /* XMPPParser.h */,
				22230B09149A337100AEF013 /* XMPPParser.m */,
				22230B0A149A337100AEF013 /* XMPPPresence.h */,
				22230B0B149A337100AEF013 /* XMPPPresence.m */,
				22230B0C149A337100AEF013 /* XMPPStream.h */,
				22230B0D149A337100AEF013 /* XMPPStream.m */,
			);
			name = Core;
			path = "../../../../../steely-glint/XMPPFramework/Core";
			sourceTree = "<group>";
		};
		22230A75149A337100AEF013 /* Categories */ = {
			isa = PBXGroup;
			children = (
				22230B0E149A337100AEF013 /* NSData+XMPP.h */,
				22230B0F149A337100AEF013 /* NSData+XMPP.m */,
				22230B10149A337100AEF013 /* NSNumber+XMPP.h */,
				22230B11149A337100AEF013 /* NSNumber+XMPP.m */,
				22230B12149A337100AEF013 /* NSXMLElement+XMPP.h */,
				22230B13149A337100AEF013 /* NSXMLElement+XMPP.m */,
			);
			name = Categories;
			path = "../../../../../steely-glint/XMPPFramework/Categories";
			sourceTree = "<group>";
		};
		22230A76149A337100AEF013 /* Vendor */ = {
			isa = PBXGroup;
			children = (
				22230B14149A337100AEF013 /* libidn */,
				22230B15149A337100AEF013 /* KissXML */,
				22230B16149A337100AEF013 /* CocoaAsyncSocket */,
				22230B17149A337100AEF013 /* CocoaLumberjack */,
			);
			name = Vendor;
			sourceTree = "<group>";
		};
		22230A89149A337100AEF013 /* Reconnect */ = {
			isa = PBXGroup;
			children = (
				22230A9A149A337100AEF013 /* XMPPReconnect.h */,
				22230A9B149A337100AEF013 /* XMPPReconnect.m */,
			);
			path = Reconnect;
			sourceTree = "<group>";
		};
		22230A8C149A337100AEF013 /* XEP-0045 */ = {
			isa = PBXGroup;
			children = (
				22230AB9149A337100AEF013 /* XMPPMessage+XEP0045.h */,
				22230ABA149A337100AEF013 /* XMPPMessage+XEP0045.m */,
				22230ABB149A337100AEF013 /* XMPPRoom.h */,
				22230ABC149A337100AEF013 /* XMPPRoom.m */,
				22230ABD149A337100AEF013 /* XMPPRoomOccupant.h */,
				22230ABE149A337100AEF013 /* XMPPRoomOccupant.m */,
			);
			path = "XEP-0045";
			sourceTree = "<group>";
		};
		22230A8F149A337100AEF013 /* XEP-0065 */ = {
			isa = PBXGroup;
			children = (
				22230ADC149A337100AEF013 /* TURNSocket.h */,
				22230ADD149A337100AEF013 /* TURNSocket.m */,
			);
			path = "XEP-0065";
			sourceTree = "<group>";
		};
		22230A90149A337100AEF013 /* XEP-0082 */ = {
			isa = PBXGroup;
			children = (
				22230ADE149A337100AEF013 /* NSDate+XMPPDateTimeProfiles.h */,
				22230ADF149A337100AEF013 /* NSDate+XMPPDateTimeProfiles.m */,
				22230AE0149A337100AEF013 /* XMPPDateTimeProfiles.h */,
				22230AE1149A337100AEF013 /* XMPPDateTimeProfiles.m */,
			);
			path = "XEP-0082";
			sourceTree = "<group>";
		};
		22230A91149A337100AEF013 /* XEP-0100 */ = {
			isa = PBXGroup;
			children = (
				22230AE2149A337100AEF013 /* XMPPTransports.h */,
				22230AE3149A337100AEF013 /* XMPPTransports.m */,
			);
			path = "XEP-0100";
			sourceTree = "<group>";
		};
		22230A94149A337100AEF013 /* XEP-0199 */ = {
			isa = PBXGroup;
			children = (
				22230AF0149A337100AEF013 /* XMPPAutoPing.h */,
				22230AF1149A337100AEF013 /* XMPPAutoPing.m */,
				22230AF2149A337100AEF013 /* XMPPPing.h */,
				22230AF3149A337100AEF013 /* XMPPPing.m */,
			);
			path = "XEP-0199";
			sourceTree = "<group>";
		};
		22230A95149A337100AEF013 /* XEP-0202 */ = {
			isa = PBXGroup;
			children = (
				22230AF4149A337100AEF013 /* XMPPAutoTime.h */,
				22230AF5149A337100AEF013 /* XMPPAutoTime.m */,
				22230AF6149A337100AEF013 /* XMPPTime.h */,
				22230AF7149A337100AEF013 /* XMPPTime.m */,
			);
			path = "XEP-0202";
			sourceTree = "<group>";
		};
		22230A96149A337100AEF013 /* XEP-0203 */ = {
			isa = PBXGroup;
			children = (
				22230AF8149A337100AEF013 /* XMPPElement+Delay.h */,
				22230AF9149A337100AEF013 /* XMPPElement+Delay.m */,
			);
			path = "XEP-0203";
			sourceTree = "<group>";
		};
		22230B14149A337100AEF013 /* libidn */ = {
			isa = PBXGroup;
			children = (
				22230B18149A337100AEF013 /* idn-int.h */,
				22230B19149A337100AEF013 /* libidn-1.15.tar.gz */,
				22230B1A149A337100AEF013 /* libidn.a */,
				22230B1B149A337100AEF013 /* stringprep.h */,
			);
			name = libidn;
			path = "../../../../../steely-glint/XMPPFramework/Vendor/libidn";
			sourceTree = "<group>";
		};
		22230B15149A337100AEF013 /* KissXML */ = {
			isa = PBXGroup;
			children = (
				22230B1C149A337100AEF013 /* Categories */,
				22230B1D149A337100AEF013 /* DDXML.h */,
				22230B1E149A337100AEF013 /* DDXMLDocument.h */,
				22230B1F149A337100AEF013 /* DDXMLDocument.m */,
				22230B20149A337100AEF013 /* DDXMLElement.h */,
				22230B21149A337100AEF013 /* DDXMLElement.m */,
				22230B22149A337100AEF013 /* DDXMLNode.h */,
				22230B23149A337100AEF013 /* DDXMLNode.m */,
				22230B24149A337100AEF013 /* Private */,
			);
			name = KissXML;
			path = "../../../../../steely-glint/XMPPFramework/Vendor/KissXML";
			sourceTree = "<group>";
		};
		22230B16149A337100AEF013 /* CocoaAsyncSocket */ = {
			isa = PBXGroup;
			children = (
				22230B28149A337100AEF013 /* GCDAsyncSocket.h */,
				22230B29149A337100AEF013 /* GCDAsyncSocket.m */,
			);
			name = CocoaAsyncSocket;
			path = "../../../../../steely-glint/XMPPFramework/Vendor/CocoaAsyncSocket";
			sourceTree = "<group>";
		};
		22230B17149A337100AEF013 /* CocoaLumberjack */ = {
			isa = PBXGroup;
			children = (
				22230B2A149A337100AEF013 /* DDAbstractDatabaseLogger.h */,
				22230B2B149A337100AEF013 /* DDAbstractDatabaseLogger.m */,
				22230B2C149A337100AEF013 /* DDASLLogger.h */,
				22230B2D149A337100AEF013 /* DDASLLogger.m */,
				22230B2E149A337100AEF013 /* DDFileLogger.h */,
				22230B2F149A337100AEF013 /* DDFileLogger.m */,
				22230B30149A337100AEF013 /* DDLog.h */,
				22230B31149A337100AEF013 /* DDLog.m */,
				22230B32149A337100AEF013 /* DDTTYLogger.h */,
				22230B33149A337100AEF013 /* DDTTYLogger.m */,
			);
			name = CocoaLumberjack;
			path = "../../../../../steely-glint/XMPPFramework/Vendor/CocoaLumberjack";
			sourceTree = "<group>";
		};
		22230B1C149A337100AEF013 /* Categories */ = {
			isa = PBXGroup;
			children = (
				22230B25149A337100AEF013 /* NSString+DDXML.h */,
				22230B26149A337100AEF013 /* NSString+DDXML.m */,
			);
			path = Categories;
			sourceTree = "<group>";
		};
		22230B24149A337100AEF013 /* Private */ = {
			isa = PBXGroup;
			children = (
				22230B27149A337100AEF013 /* DDXMLPrivate.h */,
			);
			path = Private;
			sourceTree = "<group>";
		};
		223A1D6F149777E70019A5E3 = {
			isa = PBXGroup;
			children = (
				22230A71149A337100AEF013 /* XMPP */,
				22230A6B149A311900AEF013 /* PhonoXMPP */,
				223A1D7F149777E80019A5E3 /* PhonoNative */,
				223A1D7C149777E80019A5E3 /* Frameworks */,
				223A1D7B149777E80019A5E3 /* Products */,
			);
			sourceTree = "<group>";
		};
		223A1D7B149777E80019A5E3 /* Products */ = {
			isa = PBXGroup;
			children = (
				223A1D7A149777E80019A5E3 /* libPhonoNative.a */,
			);
			name = Products;
			sourceTree = "<group>";
		};
		223A1D7C149777E80019A5E3 /* Frameworks */ = {
			isa = PBXGroup;
			children = (
				223A1D7D149777E80019A5E3 /* Foundation.framework */,
			);
			name = Frameworks;
			sourceTree = "<group>";
		};
		223A1D7F149777E80019A5E3 /* PhonoNative */ = {
			isa = PBXGroup;
			children = (
				223A1DD51498C2E10019A5E3 /* PhonoMessage.h */,
				223A1DD61498C2E10019A5E3 /* PhonoMessage.m */,
				223A1DD11498B6CC0019A5E3 /* PhonoMessaging.h */,
				223A1DD21498B6CC0019A5E3 /* PhonoMessaging.m */,
				223A1DC91497B0C90019A5E3 /* PhonoCall.h */,
				223A1DCA1497B0C90019A5E3 /* PhonoCall.m */,
				223A1DC51497A24B0019A5E3 /* PhonoPhone.h */,
				223A1DC61497A24B0019A5E3 /* PhonoPhone.m */,
				223A1D82149777E80019A5E3 /* PhonoNative.h */,
				223A1D83149777E80019A5E3 /* PhonoNative.m */,
				223A1D80149777E80019A5E3 /* Supporting Files */,
			);
			path = PhonoNative;
			sourceTree = "<group>";
		};
		223A1D80149777E80019A5E3 /* Supporting Files */ = {
			isa = PBXGroup;
			children = (
				223A1D81149777E80019A5E3 /* PhonoNative-Prefix.pch */,
			);
			name = "Supporting Files";
			sourceTree = "<group>";
		};
		229B9A1214A0E02800E632FA /* XEP-0166 */ = {
			isa = PBXGroup;
			children = (
				229B9A1414A0E1AA00E632FA /* XMPPJingle.h */,
				229B9A1514A0E1AA00E632FA /* XMPPJingle.m */,
			);
			name = "XEP-0166";
			sourceTree = "<group>";
		};
/* End PBXGroup section */

/* Begin PBXHeadersBuildPhase section */
		223A1D78149777E80019A5E3 /* Headers */ = {
			isa = PBXHeadersBuildPhase;
			buildActionMask = 2147483647;
			files = (
				223A1DC71497A24B0019A5E3 /* PhonoPhone.h in Headers */,
				223A1DCB1497B0C90019A5E3 /* PhonoCall.h in Headers */,
				223A1DD31498B6CC0019A5E3 /* PhonoMessaging.h in Headers */,
				223A1DD71498C2E10019A5E3 /* PhonoMessage.h in Headers */,
				22230A6F149A31E000AEF013 /* PhonoXMPP.h in Headers */,
				22230B34149A337100AEF013 /* DDList.h in Headers */,
				22230B36149A337100AEF013 /* GCDMulticastDelegate.h in Headers */,
				22230B38149A337100AEF013 /* LibIDN.h in Headers */,
				22230B3A149A337100AEF013 /* RFImageToDataTransformer.h in Headers */,
				22230B3C149A337100AEF013 /* XMPPDigestAuthentication.h in Headers */,
				22230B3E149A337100AEF013 /* XMPPIDTracker.h in Headers */,
				22230B40149A337100AEF013 /* XMPPSASLAuthentication.h in Headers */,
				22230B41149A337100AEF013 /* XMPPSRVResolver.h in Headers */,
				22230B43149A337100AEF013 /* XMPPXFacebookPlatformAuthentication.h in Headers */,
				22230B48149A337100AEF013 /* XMPPReconnect.h in Headers */,
				22230B65149A337100AEF013 /* XMPPMessage+XEP0045.h in Headers */,
				22230B67149A337100AEF013 /* XMPPRoom.h in Headers */,
				22230B69149A337100AEF013 /* XMPPRoomOccupant.h in Headers */,
				22230B86149A337100AEF013 /* TURNSocket.h in Headers */,
				22230B88149A337100AEF013 /* NSDate+XMPPDateTimeProfiles.h in Headers */,
				22230B8A149A337100AEF013 /* XMPPDateTimeProfiles.h in Headers */,
				22230B8C149A337100AEF013 /* XMPPTransports.h in Headers */,
				22230B99149A337100AEF013 /* XMPPAutoPing.h in Headers */,
				22230B9B149A337100AEF013 /* XMPPPing.h in Headers */,
				22230B9D149A337100AEF013 /* XMPPAutoTime.h in Headers */,
				22230B9F149A337100AEF013 /* XMPPTime.h in Headers */,
				22230BA1149A337100AEF013 /* XMPPElement+Delay.h in Headers */,
				22230BA3149A337100AEF013 /* XMPP.h in Headers */,
				22230BA4149A337100AEF013 /* XMPPElement.h in Headers */,
				22230BA6149A337100AEF013 /* XMPPFramework.h in Headers */,
				22230BA7149A337100AEF013 /* XMPPInternal.h in Headers */,
				22230BA8149A337100AEF013 /* XMPPIQ.h in Headers */,
				22230BAA149A337100AEF013 /* XMPPJID.h in Headers */,
				22230BAC149A337100AEF013 /* XMPPLogging.h in Headers */,
				22230BAD149A337100AEF013 /* XMPPMessage.h in Headers */,
				22230BAF149A337100AEF013 /* XMPPModule.h in Headers */,
				22230BB1149A337100AEF013 /* XMPPParser.h in Headers */,
				22230BB3149A337100AEF013 /* XMPPPresence.h in Headers */,
				22230BB5149A337100AEF013 /* XMPPStream.h in Headers */,
				22230BB7149A337100AEF013 /* NSData+XMPP.h in Headers */,
				22230BB9149A337100AEF013 /* NSNumber+XMPP.h in Headers */,
				22230BBB149A337100AEF013 /* NSXMLElement+XMPP.h in Headers */,
				22230BBD149A337100AEF013 /* idn-int.h in Headers */,
				22230BBF149A337100AEF013 /* stringprep.h in Headers */,
				22230BC0149A337100AEF013 /* NSString+DDXML.h in Headers */,
				22230BC2149A337100AEF013 /* DDXML.h in Headers */,
				22230BC3149A337100AEF013 /* DDXMLDocument.h in Headers */,
				22230BC5149A337100AEF013 /* DDXMLElement.h in Headers */,
				22230BC7149A337100AEF013 /* DDXMLNode.h in Headers */,
				22230BC9149A337100AEF013 /* DDXMLPrivate.h in Headers */,
				22230BCA149A337100AEF013 /* GCDAsyncSocket.h in Headers */,
				22230BCC149A337100AEF013 /* DDAbstractDatabaseLogger.h in Headers */,
				22230BCE149A337100AEF013 /* DDASLLogger.h in Headers */,
				22230BD0149A337100AEF013 /* DDFileLogger.h in Headers */,
				22230BD2149A337100AEF013 /* DDLog.h in Headers */,
				22230BD4149A337100AEF013 /* DDTTYLogger.h in Headers */,
				229B9A1614A0E1AA00E632FA /* XMPPJingle.h in Headers */,
			);
			runOnlyForDeploymentPostprocessing = 0;
		};
/* End PBXHeadersBuildPhase section */

/* Begin PBXNativeTarget section */
		223A1D79149777E80019A5E3 /* PhonoNative */ = {
			isa = PBXNativeTarget;
			buildConfigurationList = 223A1D87149777E80019A5E3 /* Build configuration list for PBXNativeTarget "PhonoNative" */;
			buildPhases = (
				223A1D76149777E80019A5E3 /* Sources */,
				223A1D77149777E80019A5E3 /* Frameworks */,
				223A1D78149777E80019A5E3 /* Headers */,
			);
			buildRules = (
			);
			dependencies = (
			);
			name = PhonoNative;
			productName = PhonoNative;
			productReference = 223A1D7A149777E80019A5E3 /* libPhonoNative.a */;
			productType = "com.apple.product-type.library.static";
		};
/* End PBXNativeTarget section */

/* Begin PBXProject section */
		223A1D71149777E70019A5E3 /* Project object */ = {
			isa = PBXProject;
			attributes = {
				LastUpgradeCheck = 0420;
				ORGANIZATIONNAME = "Westhhawk Ltd";
			};
			buildConfigurationList = 223A1D74149777E70019A5E3 /* Build configuration list for PBXProject "PhonoNative" */;
			compatibilityVersion = "Xcode 3.2";
			developmentRegion = English;
			hasScannedForEncodings = 0;
			knownRegions = (
				en,
			);
			mainGroup = 223A1D6F149777E70019A5E3;
			productRefGroup = 223A1D7B149777E80019A5E3 /* Products */;
			projectDirPath = "";
			projectRoot = "";
			targets = (
				223A1D79149777E80019A5E3 /* PhonoNative */,
			);
		};
/* End PBXProject section */

/* Begin PBXSourcesBuildPhase section */
		223A1D76149777E80019A5E3 /* Sources */ = {
			isa = PBXSourcesBuildPhase;
			buildActionMask = 2147483647;
			files = (
				223A1D84149777E80019A5E3 /* PhonoNative.m in Sources */,
				223A1DC81497A24B0019A5E3 /* PhonoPhone.m in Sources */,
				223A1DCC1497B0C90019A5E3 /* PhonoCall.m in Sources */,
				223A1DD41498B6CC0019A5E3 /* PhonoMessaging.m in Sources */,
				223A1DD81498C2E10019A5E3 /* PhonoMessage.m in Sources */,
				22230A70149A31E000AEF013 /* PhonoXMPP.m in Sources */,
				22230B35149A337100AEF013 /* DDList.m in Sources */,
				22230B37149A337100AEF013 /* GCDMulticastDelegate.m in Sources */,
				22230B39149A337100AEF013 /* LibIDN.m in Sources */,
				22230B3B149A337100AEF013 /* RFImageToDataTransformer.m in Sources */,
				22230B3D149A337100AEF013 /* XMPPDigestAuthentication.m in Sources */,
				22230B3F149A337100AEF013 /* XMPPIDTracker.m in Sources */,
				22230B42149A337100AEF013 /* XMPPSRVResolver.m in Sources */,
				22230B44149A337100AEF013 /* XMPPXFacebookPlatformAuthentication.m in Sources */,
				22230B49149A337100AEF013 /* XMPPReconnect.m in Sources */,
				22230B66149A337100AEF013 /* XMPPMessage+XEP0045.m in Sources */,
				22230B68149A337100AEF013 /* XMPPRoom.m in Sources */,
				22230B6A149A337100AEF013 /* XMPPRoomOccupant.m in Sources */,
				22230B87149A337100AEF013 /* TURNSocket.m in Sources */,
				22230B89149A337100AEF013 /* NSDate+XMPPDateTimeProfiles.m in Sources */,
				22230B8B149A337100AEF013 /* XMPPDateTimeProfiles.m in Sources */,
				22230B8D149A337100AEF013 /* XMPPTransports.m in Sources */,
				22230B9A149A337100AEF013 /* XMPPAutoPing.m in Sources */,
				22230B9C149A337100AEF013 /* XMPPPing.m in Sources */,
				22230B9E149A337100AEF013 /* XMPPAutoTime.m in Sources */,
				22230BA0149A337100AEF013 /* XMPPTime.m in Sources */,
				22230BA2149A337100AEF013 /* XMPPElement+Delay.m in Sources */,
				22230BA5149A337100AEF013 /* XMPPElement.m in Sources */,
				22230BA9149A337100AEF013 /* XMPPIQ.m in Sources */,
				22230BAB149A337100AEF013 /* XMPPJID.m in Sources */,
				22230BAE149A337100AEF013 /* XMPPMessage.m in Sources */,
				22230BB0149A337100AEF013 /* XMPPModule.m in Sources */,
				22230BB2149A337100AEF013 /* XMPPParser.m in Sources */,
				22230BB4149A337100AEF013 /* XMPPPresence.m in Sources */,
				22230BB6149A337100AEF013 /* XMPPStream.m in Sources */,
				22230BB8149A337100AEF013 /* NSData+XMPP.m in Sources */,
				22230BBA149A337100AEF013 /* NSNumber+XMPP.m in Sources */,
				22230BBC149A337100AEF013 /* NSXMLElement+XMPP.m in Sources */,
				22230BC1149A337100AEF013 /* NSString+DDXML.m in Sources */,
				22230BC4149A337100AEF013 /* DDXMLDocument.m in Sources */,
				22230BC6149A337100AEF013 /* DDXMLElement.m in Sources */,
				22230BC8149A337100AEF013 /* DDXMLNode.m in Sources */,
				22230BCB149A337100AEF013 /* GCDAsyncSocket.m in Sources */,
				22230BCD149A337100AEF013 /* DDAbstractDatabaseLogger.m in Sources */,
				22230BCF149A337100AEF013 /* DDASLLogger.m in Sources */,
				22230BD1149A337100AEF013 /* DDFileLogger.m in Sources */,
				22230BD3149A337100AEF013 /* DDLog.m in Sources */,
				22230BD5149A337100AEF013 /* DDTTYLogger.m in Sources */,
				229B9A1714A0E1AA00E632FA /* XMPPJingle.m in Sources */,
			);
			runOnlyForDeploymentPostprocessing = 0;
		};
/* End PBXSourcesBuildPhase section */

/* Begin XCBuildConfiguration section */
		223A1D85149777E80019A5E3 /* Debug */ = {
			isa = XCBuildConfiguration;
			buildSettings = {
				ALWAYS_SEARCH_USER_PATHS = NO;
				ARCHS = "$(ARCHS_STANDARD_32_BIT)";
				COPY_PHASE_STRIP = NO;
				GCC_C_LANGUAGE_STANDARD = gnu99;
				GCC_DYNAMIC_NO_PIC = NO;
				GCC_OPTIMIZATION_LEVEL = 0;
				GCC_PREPROCESSOR_DEFINITIONS = (
					"DEBUG=1",
					"$(inherited)",
				);
				GCC_SYMBOLS_PRIVATE_EXTERN = NO;
				GCC_VERSION = com.apple.compilers.llvm.clang.1_0;
				GCC_WARN_ABOUT_MISSING_PROTOTYPES = YES;
				GCC_WARN_ABOUT_RETURN_TYPE = YES;
				GCC_WARN_UNUSED_VARIABLE = YES;
				HEADER_SEARCH_PATHS = (
					"/project2/github/phono/PhonoSDK/modules/phono-phonegap-ios/libphono/src",
					/usr/include/libxml2,
				);
				IPHONEOS_DEPLOYMENT_TARGET = 5.0;
				SDKROOT = iphoneos;
			};
			name = Debug;
		};
		223A1D86149777E80019A5E3 /* Release */ = {
			isa = XCBuildConfiguration;
			buildSettings = {
				ALWAYS_SEARCH_USER_PATHS = NO;
				ARCHS = "$(ARCHS_STANDARD_32_BIT)";
				COPY_PHASE_STRIP = YES;
				GCC_C_LANGUAGE_STANDARD = gnu99;
				GCC_VERSION = com.apple.compilers.llvm.clang.1_0;
				GCC_WARN_ABOUT_MISSING_PROTOTYPES = YES;
				GCC_WARN_ABOUT_RETURN_TYPE = YES;
				GCC_WARN_UNUSED_VARIABLE = YES;
				HEADER_SEARCH_PATHS = (
					"/project2/github/phono/PhonoSDK/modules/phono-phonegap-ios/libphono/src",
					/usr/include/libxml2,
				);
				IPHONEOS_DEPLOYMENT_TARGET = 5.0;
				SDKROOT = iphoneos;
				VALIDATE_PRODUCT = YES;
			};
			name = Release;
		};
		223A1D88149777E80019A5E3 /* Debug */ = {
			isa = XCBuildConfiguration;
			buildSettings = {
				DSTROOT = /tmp/PhonoNative.dst;
				GCC_PRECOMPILE_PREFIX_HEADER = YES;
				GCC_PREFIX_HEADER = "PhonoNative/PhonoNative-Prefix.pch";
				LIBRARY_SEARCH_PATHS = (
					"$(inherited)",
					"\"$(SRCROOT)/../../../../../steely-glint/XMPPFramework/Vendor/libidn\"",
				);
				OTHER_LDFLAGS = "-ObjC";
				PRODUCT_NAME = "$(TARGET_NAME)";
				SKIP_INSTALL = YES;
			};
			name = Debug;
		};
		223A1D89149777E80019A5E3 /* Release */ = {
			isa = XCBuildConfiguration;
			buildSettings = {
				DSTROOT = /tmp/PhonoNative.dst;
				GCC_PRECOMPILE_PREFIX_HEADER = YES;
				GCC_PREFIX_HEADER = "PhonoNative/PhonoNative-Prefix.pch";
				LIBRARY_SEARCH_PATHS = (
					"$(inherited)",
					"\"$(SRCROOT)/../../../../../steely-glint/XMPPFramework/Vendor/libidn\"",
				);
				OTHER_LDFLAGS = "-ObjC";
				PRODUCT_NAME = "$(TARGET_NAME)";
				SKIP_INSTALL = YES;
			};
			name = Release;
		};
/* End XCBuildConfiguration section */

/* Begin XCConfigurationList section */
		223A1D74149777E70019A5E3 /* Build configuration list for PBXProject "PhonoNative" */ = {
			isa = XCConfigurationList;
			buildConfigurations = (
				223A1D85149777E80019A5E3 /* Debug */,
				223A1D86149777E80019A5E3 /* Release */,
			);
			defaultConfigurationIsVisible = 0;
			defaultConfigurationName = Release;
		};
		223A1D87149777E80019A5E3 /* Build configuration list for PBXNativeTarget "PhonoNative" */ = {
			isa = XCConfigurationList;
			buildConfigurations = (
				223A1D88149777E80019A5E3 /* Debug */,
				223A1D89149777E80019A5E3 /* Release */,
			);
			defaultConfigurationIsVisible = 0;
			defaultConfigurationName = Release;
		};
/* End XCConfigurationList section */
	};
	rootObject = 223A1D71149777E70019A5E3 /* Project object */;
}
